
Microsoft Visual Studio Solution File, Format Version 12.00
# Visual Studio Version 17
VisualStudioVersion = 17.10.35122.118
MinimumVisualStudioVersion = 10.0.40219.1
Project("{FAE04EC0-301F-11D3-BF4B-00C04F79EFBC}") = "Student_management", "Student_management.csproj", "{E539EAB0-955B-4B7A-B0A0-A5A7339D106E}"
EndProject
Global
	GlobalSection(SolutionConfigurationPlatforms) = preSolution
		Debug|Any CPU = Debug|Any CPU
		Release|Any CPU = Release|Any CPU
	EndGlobalSection
	GlobalSection(ProjectConfigurationPlatforms) = postSolution
		{E539EAB0-955B-4B7A-B0A0-A5A7339D106E}.Debug|Any CPU.ActiveCfg = Debug|Any CPU
		{E539EAB0-955B-4B7A-B0A0-A5A7339D106E}.Debug|Any CPU.Build.0 = Debug|Any CPU
		{E539EAB0-955B-4B7A-B0A0-A5A7339D106E}.Release|Any CPU.ActiveCfg = Release|Any CPU
		{E539EAB0-955B-4B7A-B0A0-A5A7339D106E}.Release|Any CPU.Build.0 = Release|Any CPU
	EndGlobalSection
	GlobalSection(SolutionProperties) = preSolution
		HideSolutionNode = FALSE
	EndGlobalSection
	GlobalSection(ExtensibilityGlobals) = postSolution
		SolutionGuid = {DF922D82-4E8B-4945-B1AE-0CC42D95F406}
	EndGlobalSection
EndGlobal
